# This file is automatically @generated by Cargo.
# It is not intended for manual editing.
version = 4

[[package]]
name = "basil-ast"
version = "0.0.1"
dependencies = [
 "basil-common",
]

[[package]]
name = "basil-bytecode"
version = "0.0.1"
dependencies = [
 "basil-common",
]

[[package]]
name = "basil-common"
version = "0.0.1"

[[package]]
name = "basil-compiler"
version = "0.0.1"
dependencies = [
 "basil-ast",
 "basil-bytecode",
 "basil-common",
]

[[package]]
name = "basil-lexer"
version = "0.0.1"
dependencies = [
 "basil-common",
]

[[package]]
name = "basil-parser"
version = "0.0.1"
dependencies = [
 "basil-ast",
 "basil-common",
 "basil-lexer",
]

[[package]]
name = "basil-vm"
version = "0.0.1"
dependencies = [
 "basil-bytecode",
 "basil-common",
]

[[package]]
name = "basilc"
version = "0.0.1"
dependencies = [
 "basil-common",
 "basil-compiler",
 "basil-lexer",
 "basil-parser",
 "basil-vm",
]
